
Microsoft Visual Studio Solution File, Format Version 12.00
# Visual Studio Version 16
VisualStudioVersion = 16.0.31129.286
MinimumVisualStudioVersion = 10.0.40219.1
Project("{FAE04EC0-301F-11D3-BF4B-00C04F79EFBC}") = "Polymorphism", "Polymorphism.csproj", "{C64C0AC5-A6E7-47A2-AB08-91765FC3DDC1}"
EndProject
Global
	GlobalSection(SolutionConfigurationPlatforms) = preSolution
		Debug|Any CPU = Debug|Any CPU
		Release|Any CPU = Release|Any CPU
	EndGlobalSection
	GlobalSection(ProjectConfigurationPlatforms) = postSolution
		{C64C0AC5-A6E7-47A2-AB08-91765FC3DDC1}.Debug|Any CPU.ActiveCfg = Debug|Any CPU
		{C64C0AC5-A6E7-47A2-AB08-91765FC3DDC1}.Debug|Any CPU.Build.0 = Debug|Any CPU
		{C64C0AC5-A6E7-47A2-AB08-91765FC3DDC1}.Release|Any CPU.ActiveCfg = Release|Any CPU
		{C64C0AC5-A6E7-47A2-AB08-91765FC3DDC1}.Release|Any CPU.Build.0 = Release|Any CPU
	EndGlobalSection
	GlobalSection(SolutionProperties) = preSolution
		HideSolutionNode = FALSE
	EndGlobalSection
	GlobalSection(ExtensibilityGlobals) = postSolution
		SolutionGuid = {F5D3E828-5A53-4600-BA00-D3DB08071ED3}
	EndGlobalSection
EndGlobal
