
Microsoft Visual Studio Solution File, Format Version 12.00
# Visual Studio Version 16
VisualStudioVersion = 16.0.31112.23
MinimumVisualStudioVersion = 10.0.40219.1
Project("{FAE04EC0-301F-11D3-BF4B-00C04F79EFBC}") = "WorkingWithFiles", "WorkingWithFiles.csproj", "{A03A1AB1-CA7B-4B3E-AC70-BDD3DA5ADE21}"
EndProject
Global
	GlobalSection(SolutionConfigurationPlatforms) = preSolution
		Debug|Any CPU = Debug|Any CPU
		Release|Any CPU = Release|Any CPU
	EndGlobalSection
	GlobalSection(ProjectConfigurationPlatforms) = postSolution
		{A03A1AB1-CA7B-4B3E-AC70-BDD3DA5ADE21}.Debug|Any CPU.ActiveCfg = Debug|Any CPU
		{A03A1AB1-CA7B-4B3E-AC70-BDD3DA5ADE21}.Debug|Any CPU.Build.0 = Debug|Any CPU
		{A03A1AB1-CA7B-4B3E-AC70-BDD3DA5ADE21}.Release|Any CPU.ActiveCfg = Release|Any CPU
		{A03A1AB1-CA7B-4B3E-AC70-BDD3DA5ADE21}.Release|Any CPU.Build.0 = Release|Any CPU
	EndGlobalSection
	GlobalSection(SolutionProperties) = preSolution
		HideSolutionNode = FALSE
	EndGlobalSection
	GlobalSection(ExtensibilityGlobals) = postSolution
		SolutionGuid = {EB6CCB8F-B1EB-4945-9A9D-E12518F34872}
	EndGlobalSection
EndGlobal
